{
    "requires": true,
    "lockfileVersion": 1,
    "dependencies": {
        "tiddlywiki": {
            "version": "5.3.5",
            "resolved": "https://registry.npmmirror.com/tiddlywiki/-/tiddlywiki-5.3.5.tgz",
            "integrity": "sha512-8pTmnQdkcHbol9D86Op7OGK4sGDqm19HWT2qgpSxPHfDG0yJ2rSBUTRuOMuh9GoPP0Tcz9+1Pe8A1m6pvd/zYQ=="
        }
    }
}
